
Microsoft Visual Studio Solution File, Format Version 12.00
# Visual Studio Version 17
VisualStudioVersion = 17.8.34330.188
MinimumVisualStudioVersion = 10.0.40219.1
Project("{FAE04EC0-301F-11D3-BF4B-00C04F79EFBC}") = "business_api", "business_api\business_api.csproj", "{36C8FBA9-F1D6-477F-941F-BEBC80FA977A}"
EndProject
Global
	GlobalSection(SolutionConfigurationPlatforms) = preSolution
		Debug|Any CPU = Debug|Any CPU
		Release|Any CPU = Release|Any CPU
	EndGlobalSection
	GlobalSection(ProjectConfigurationPlatforms) = postSolution
		{36C8FBA9-F1D6-477F-941F-BEBC80FA977A}.Debug|Any CPU.ActiveCfg = Debug|Any CPU
		{36C8FBA9-F1D6-477F-941F-BEBC80FA977A}.Debug|Any CPU.Build.0 = Debug|Any CPU
		{36C8FBA9-F1D6-477F-941F-BEBC80FA977A}.Release|Any CPU.ActiveCfg = Release|Any CPU
		{36C8FBA9-F1D6-477F-941F-BEBC80FA977A}.Release|Any CPU.Build.0 = Release|Any CPU
	EndGlobalSection
	GlobalSection(SolutionProperties) = preSolution
		HideSolutionNode = FALSE
	EndGlobalSection
	GlobalSection(ExtensibilityGlobals) = postSolution
		SolutionGuid = {BE79C38E-E8C9-4D98-99E1-0635940F0981}
	EndGlobalSection
EndGlobal
